{
  "object": {
    "pins": [
      {
        "package": "COVID-19-API",
        "repositoryURL": "https://github.com/mikechan1234/COVID-19-API",
        "state": {
          "branch": "master",
          "revision": "639a89b36280088f8330f99ef94ffd0a51bcd962",
          "version": null
        }
      }
    ]
  },
  "version": 1
}
